{
  "name": "AtChat",
  "lockfileVersion": 2,
  "requires": true,
  "packages": {
    "": {
      "dependencies": {
        "@types/overlayscrollbars": "^1.12.1",
        "overlayscrollbars": "^1.13.1",
        "overlayscrollbars-react": "^0.2.3"
      }
    },
    "node_modules/@types/overlayscrollbars": {
      "version": "1.12.1",
      "resolved": "https://registry.npmjs.org/@types/overlayscrollbars/-/overlayscrollbars-1.12.1.tgz",
      "integrity": "sha512-V25YHbSoKQN35UasHf0EKD9U2vcmexRSp78qa8UglxFH8H3D+adEa9zGZwrqpH4TdvqeMrgMqVqsLB4woAryrQ=="
    },
    "node_modules/js-tokens": {
      "version": "4.0.0",
      "resolved": "https://registry.npmjs.org/js-tokens/-/js-tokens-4.0.0.tgz",
      "integrity": "sha512-RdJUflcE3cUzKiMqQgsCu06FPu9UdIJO0beYbPhHN4k6apgJtifcoCtT9bcxOpYBtpD2kCM6Sbzg4CausW/PKQ==",
      "peer": true
    },
    "node_modules/loose-envify": {
      "version": "1.4.0",
      "resolved": "https://registry.npmjs.org/loose-envify/-/loose-envify-1.4.0.tgz",
      "integrity": "sha512-lyuxPGr/Wfhrlem2CL/UcnUc1zcqKAImBDzukY7Y5F/yQiNdko6+fRLevlw1HgMySw7f611UIY408EtxRSoK3Q==",
      "peer": true,
      "dependencies": {
        "js-tokens": "^3.0.0 || ^4.0.0"
      },
      "bin": {
        "loose-envify": "cli.js"
      }
    },
    "node_modules/object-assign": {
      "version": "4.1.1",
      "resolved": "https://registry.npmjs.org/object-assign/-/object-assign-4.1.1.tgz",
      "integrity": "sha1-IQmtx5ZYh8/AXLvUQsrIv7s2CGM=",
      "peer": true,
      "engines": {
        "node": ">=0.10.0"
      }
    },
    "node_modules/overlayscrollbars": {
      "version": "1.13.1",
      "resolved": "https://registry.npmjs.org/overlayscrollbars/-/overlayscrollbars-1.13.1.tgz",
      "integrity": "sha512-gIQfzgGgu1wy80EB4/6DaJGHMEGmizq27xHIESrzXq0Y/J0Ay1P3DWk6tuVmEPIZH15zaBlxeEJOqdJKmowHCQ=="
    },
    "node_modules/overlayscrollbars-react": {
      "version": "0.2.3",
      "resolved": "https://registry.npmjs.org/overlayscrollbars-react/-/overlayscrollbars-react-0.2.3.tgz",
      "integrity": "sha512-eN/JsEtJvPulOXOZXIdo1H90eriUWcgj4TwSdOcchk2M4uY2/BpsHlZ2+0viZMLXTcNQNJz+/4m47NugSBg+0g==",
      "peerDependencies": {
        "overlayscrollbars": "^1.10.0",
        "react": "^16.4.0 || ^17.0.0"
      }
    },
    "node_modules/react": {
      "version": "17.0.2",
      "resolved": "https://registry.npmjs.org/react/-/react-17.0.2.tgz",
      "integrity": "sha512-gnhPt75i/dq/z3/6q/0asP78D0u592D5L1pd7M8P+dck6Fu/jJeL6iVVK23fptSUZj8Vjf++7wXA8UNclGQcbA==",
      "peer": true,
      "dependencies": {
        "loose-envify": "^1.1.0",
        "object-assign": "^4.1.1"
      },
      "engines": {
        "node": ">=0.10.0"
      }
    }
  },
  "dependencies": {
    "@types/overlayscrollbars": {
      "version": "1.12.1",
      "resolved": "https://registry.npmjs.org/@types/overlayscrollbars/-/overlayscrollbars-1.12.1.tgz",
      "integrity": "sha512-V25YHbSoKQN35UasHf0EKD9U2vcmexRSp78qa8UglxFH8H3D+adEa9zGZwrqpH4TdvqeMrgMqVqsLB4woAryrQ=="
    },
    "js-tokens": {
      "version": "4.0.0",
      "resolved": "https://registry.npmjs.org/js-tokens/-/js-tokens-4.0.0.tgz",
      "integrity": "sha512-RdJUflcE3cUzKiMqQgsCu06FPu9UdIJO0beYbPhHN4k6apgJtifcoCtT9bcxOpYBtpD2kCM6Sbzg4CausW/PKQ==",
      "peer": true
    },
    "loose-envify": {
      "version": "1.4.0",
      "resolved": "https://registry.npmjs.org/loose-envify/-/loose-envify-1.4.0.tgz",
      "integrity": "sha512-lyuxPGr/Wfhrlem2CL/UcnUc1zcqKAImBDzukY7Y5F/yQiNdko6+fRLevlw1HgMySw7f611UIY408EtxRSoK3Q==",
      "peer": true,
      "requires": {
        "js-tokens": "^3.0.0 || ^4.0.0"
      }
    },
    "object-assign": {
      "version": "4.1.1",
      "resolved": "https://registry.npmjs.org/object-assign/-/object-assign-4.1.1.tgz",
      "integrity": "sha1-IQmtx5ZYh8/AXLvUQsrIv7s2CGM=",
      "peer": true
    },
    "overlayscrollbars": {
      "version": "1.13.1",
      "resolved": "https://registry.npmjs.org/overlayscrollbars/-/overlayscrollbars-1.13.1.tgz",
      "integrity": "sha512-gIQfzgGgu1wy80EB4/6DaJGHMEGmizq27xHIESrzXq0Y/J0Ay1P3DWk6tuVmEPIZH15zaBlxeEJOqdJKmowHCQ=="
    },
    "overlayscrollbars-react": {
      "version": "0.2.3",
      "resolved": "https://registry.npmjs.org/overlayscrollbars-react/-/overlayscrollbars-react-0.2.3.tgz",
      "integrity": "sha512-eN/JsEtJvPulOXOZXIdo1H90eriUWcgj4TwSdOcchk2M4uY2/BpsHlZ2+0viZMLXTcNQNJz+/4m47NugSBg+0g==",
      "requires": {}
    },
    "react": {
      "version": "17.0.2",
      "resolved": "https://registry.npmjs.org/react/-/react-17.0.2.tgz",
      "integrity": "sha512-gnhPt75i/dq/z3/6q/0asP78D0u592D5L1pd7M8P+dck6Fu/jJeL6iVVK23fptSUZj8Vjf++7wXA8UNclGQcbA==",
      "peer": true,
      "requires": {
        "loose-envify": "^1.1.0",
        "object-assign": "^4.1.1"
      }
    }
  }
}
